
Microsoft Visual Studio Solution File, Format Version 12.00
# Visual Studio Version 17
VisualStudioVersion = 17.8.34330.188
MinimumVisualStudioVersion = 10.0.40219.1
Project("{8BC9CEB8-8B4A-11D0-8D11-00A0C91BC942}") = "chess_test", "chess_test\chess_test.vcxproj", "{55650753-95BF-4C35-94BD-FB99A56BD38E}"
EndProject
Project("{8BC9CEB8-8B4A-11D0-8D11-00A0C91BC942}") = "Class_Project", "Class_Project\Class_Project.vcxitems", "{B2BAF6B3-B107-4939-BCD6-CCD4AD8634E7}"
EndProject
Global
	GlobalSection(SolutionConfigurationPlatforms) = preSolution
		Debug|x64 = Debug|x64
		Debug|x86 = Debug|x86
		Release|x64 = Release|x64
		Release|x86 = Release|x86
	EndGlobalSection
	GlobalSection(ProjectConfigurationPlatforms) = postSolution
		{55650753-95BF-4C35-94BD-FB99A56BD38E}.Debug|x64.ActiveCfg = Debug|x64
		{55650753-95BF-4C35-94BD-FB99A56BD38E}.Debug|x64.Build.0 = Debug|x64
		{55650753-95BF-4C35-94BD-FB99A56BD38E}.Debug|x86.ActiveCfg = Debug|Win32
		{55650753-95BF-4C35-94BD-FB99A56BD38E}.Debug|x86.Build.0 = Debug|Win32
		{55650753-95BF-4C35-94BD-FB99A56BD38E}.Release|x64.ActiveCfg = Release|x64
		{55650753-95BF-4C35-94BD-FB99A56BD38E}.Release|x64.Build.0 = Release|x64
		{55650753-95BF-4C35-94BD-FB99A56BD38E}.Release|x86.ActiveCfg = Release|Win32
		{55650753-95BF-4C35-94BD-FB99A56BD38E}.Release|x86.Build.0 = Release|Win32
	EndGlobalSection
	GlobalSection(SolutionProperties) = preSolution
		HideSolutionNode = FALSE
	EndGlobalSection
	GlobalSection(ExtensibilityGlobals) = postSolution
		SolutionGuid = {4F0DD098-D30B-45EF-817C-F0C9D4718745}
	EndGlobalSection
	GlobalSection(SharedMSBuildProjectFiles) = preSolution
		Class_Project\Class_Project.vcxitems*{55650753-95bf-4c35-94bd-fb99a56bd38e}*SharedItemsImports = 4
		Class_Project\Class_Project.vcxitems*{b2baf6b3-b107-4939-bcd6-ccd4ad8634e7}*SharedItemsImports = 9
	EndGlobalSection
EndGlobal
